
Microsoft Visual Studio Solution File, Format Version 12.00
# Visual Studio 15
VisualStudioVersion = 15.0.28307.779
MinimumVisualStudioVersion = 10.0.40219.1
Project("{FAE04EC0-301F-11D3-BF4B-00C04F79EFBC}") = "UniversityAdmissionSystem", "UniversityAdmissionSystem\UniversityAdmissionSystem.csproj", "{637B78A6-4EDD-4D2F-B3D0-A5E28A23F15A}"
EndProject
Global
	GlobalSection(SolutionConfigurationPlatforms) = preSolution
		Debug|Any CPU = Debug|Any CPU
		Release|Any CPU = Release|Any CPU
	EndGlobalSection
	GlobalSection(ProjectConfigurationPlatforms) = postSolution
		{637B78A6-4EDD-4D2F-B3D0-A5E28A23F15A}.Debug|Any CPU.ActiveCfg = Debug|Any CPU
		{637B78A6-4EDD-4D2F-B3D0-A5E28A23F15A}.Debug|Any CPU.Build.0 = Debug|Any CPU
		{637B78A6-4EDD-4D2F-B3D0-A5E28A23F15A}.Release|Any CPU.ActiveCfg = Release|Any CPU
		{637B78A6-4EDD-4D2F-B3D0-A5E28A23F15A}.Release|Any CPU.Build.0 = Release|Any CPU
	EndGlobalSection
	GlobalSection(SolutionProperties) = preSolution
		HideSolutionNode = FALSE
	EndGlobalSection
	GlobalSection(ExtensibilityGlobals) = postSolution
		SolutionGuid = {AFF8CE86-4F0B-452D-BA8C-EA371102BFB9}
	EndGlobalSection
EndGlobal
